{
  "name": "bp_technical_challenge",
  "version": "1.0.0",
  "lockfileVersion": 1,
  "requires": true,
  "dependencies": {
    "@fortawesome/fontawesome-common-types": {
      "version": "0.2.0",
      "resolved": "https://registry.npmjs.org/@fortawesome/fontawesome-common-types/-/fontawesome-common-types-0.2.0.tgz",
      "integrity": "sha512-raAiqWiXGZeQpFzz5fpLa6EQR3kSAK1cT5qaUanB9h4FatXvKEOPutDyeGQsF0hRtGfMb518Mzc7+LjBPDJCOg=="
    },
    "@fortawesome/fontawesome-svg-core": {
      "version": "1.2.0-14",
      "resolved": "https://registry.npmjs.org/@fortawesome/fontawesome-svg-core/-/fontawesome-svg-core-1.2.0-14.tgz",
      "integrity": "sha512-V13Ou3UZ+Y0J5WTnhHDUmZFsz8ycxAyGaowrrPu7uuZXVT78/l4OCrOP6y5U6PdZoy3VJbZvkxCXZyTA6C32fA==",
      "requires": {
        "@fortawesome/fontawesome-common-types": "0.2.0"
      }
    }
  }
}
